# THIS IS AN AUTOGENERATED FILE. DO NOT EDIT THIS FILE DIRECTLY.
# yarn lockfile v1


abbrev@1:
  version "1.1.1"
  resolved "https://registry.yarnpkg.com/abbrev/-/abbrev-1.1.1.tgz#f8f2c887ad10bf67f634f005b6987fed3179aac8"

abbrev@1.0.x:
  version "1.0.9"
  resolved "https://registry.yarnpkg.com/abbrev/-/abbrev-1.0.9.tgz#91b4792588a7738c25f35dd6f63752a2f8776135"

align-text@^0.1.1, align-text@^0.1.3:
  version "0.1.4"
  resolved "https://registry.yarnpkg.com/align-text/-/align-text-0.1.4.tgz#0cd90a561093f35d0a99256c22b7069433fad117"
  dependencies:
    kind-of "^3.0.2"
    longest "^1.0.1"
    repeat-string "^1.5.2"

amdefine@>=0.0.4:
  version "1.0.1"
  resolved "https://registry.yarnpkg.com/amdefine/-/amdefine-1.0.1.tgz#4a5282ac164729e93619bcfd3ad151f817ce91f5"

ansi-regex@^1.0.0, ansi-regex@^1.1.1:
  version "1.1.1"
  resolved "https://registry.yarnpkg.com/ansi-regex/-/ansi-regex-1.1.1.tgz#41c847194646375e6a1a5d10c3ca054ef9fc980d"

ansi-regex@^2.0.0:
  version "2.1.1"
  resolved "https://registry.yarnpkg.com/ansi-regex/-/ansi-regex-2.1.1.tgz#c3b33ab5ee360d86e0e628f0468ae7ef27d654df"

ansi-styles@^2.2.1:
  version "2.2.1"
  resolved "https://registry.yarnpkg.com/ansi-styles/-/ansi-styles-2.2.1.tgz#b432dd3358b634cf75e1e4664368240533c1ddbe"

argparse@^1.0.7:
  version "1.0.10"
  resolved "https://registry.yarnpkg.com/argparse/-/argparse-1.0.10.tgz#bcd6791ea5ae09725e17e5ad988134cd40b3d911"
  dependencies:
    sprintf-js "~1.0.2"

asn1@~0.2.3:
  version "0.2.3"
  resolved "https://registry.yarnpkg.com/asn1/-/asn1-0.2.3.tgz#dac8787713c9966849fc8180777ebe9c1ddf3b86"

assert-plus@1.0.0, assert-plus@^1.0.0:
  version "1.0.0"
  resolved "https://registry.yarnpkg.com/assert-plus/-/assert-plus-1.0.0.tgz#f12e0f3c5d77b0b1cdd9146942e4e96c1e4dd525"

assert-plus@^0.2.0:
  version "0.2.0"
  resolved "https://registry.yarnpkg.com/assert-plus/-/assert-plus-0.2.0.tgz#d74e1b87e7affc0db8aadb7021f3fe48101ab234"

async@1.x, async@^1.4.0:
  version "1.5.2"
  resolved "https://registry.yarnpkg.com/async/-/async-1.5.2.tgz#ec6a61ae56480c0c3cb241c95618e20892f9672a"

asynckit@^0.4.0:
  version "0.4.0"
  resolved "https://registry.yarnpkg.com/asynckit/-/asynckit-0.4.0.tgz#c79ed97f7f34cb8f2ba1bc9790bcc366474b4b79"

aws-sign2@~0.6.0:
  version "0.6.0"
  resolved "https://registry.yarnpkg.com/aws-sign2/-/aws-sign2-0.6.0.tgz#14342dd38dbcc94d0e5b87d763cd63612c0e794f"

aws4@^1.2.1:
  version "1.6.0"
  resolved "https://registry.yarnpkg.com/aws4/-/aws4-1.6.0.tgz#83ef5ca860b2b32e4a0deedee8c771b9db57471e"

balanced-match@^1.0.0:
  version "1.0.0"
  resolved "https://registry.yarnpkg.com/balanced-match/-/balanced-match-1.0.0.tgz#89b4d199ab2bee49de164ea02b89ce462d71b767"

bcrypt-pbkdf@^1.0.0:
  version "1.0.1"
  resolved "https://registry.yarnpkg.com/bcrypt-pbkdf/-/bcrypt-pbkdf-1.0.1.tgz#63bc5dcb61331b92bc05fd528953c33462a06f8d"
  dependencies:
    tweetnacl "^0.14.3"

boom@2.x.x:
  version "2.10.1"
  resolved "https://registry.yarnpkg.com/boom/-/boom-2.10.1.tgz#39c8918ceff5799f83f9492a848f625add0c766f"
  dependencies:
    hoek "2.x.x"

brace-expansion@^1.0.0, brace-expansion@^1.1.7:
  version "1.1.11"
  resolved "https://registry.yarnpkg.com/brace-expansion/-/brace-expansion-1.1.11.tgz#3c7fcbf529d87226f3d2f52b966ff5271eb441dd"
  dependencies:
    balanced-match "^1.0.0"
    concat-map "0.0.1"

buffer-from@^1.0.0:
  version "1.0.0"
  resolved "https://registry.yarnpkg.com/buffer-from/-/buffer-from-1.0.0.tgz#4cb8832d23612589b0406e9e2956c17f06fdf531"

camelcase@^1.0.2:
  version "1.2.1"
  resolved "https://registry.yarnpkg.com/camelcase/-/camelcase-1.2.1.tgz#9bb5304d2e0b56698b2c758b08a3eaa9daa58a39"

camelcase@^2.0.1:
  version "2.1.1"
  resolved "https://registry.yarnpkg.com/camelcase/-/camelcase-2.1.1.tgz#7c1d16d679a1bbe59ca02cacecfb011e201f5a1f"

caseless@~0.11.0:
  version "0.11.0"
  resolved "https://registry.yarnpkg.com/caseless/-/caseless-0.11.0.tgz#715b96ea9841593cc33067923f5ec60ebda4f7d7"

center-align@^0.1.1:
  version "0.1.3"
  resolved "https://registry.yarnpkg.com/center-align/-/center-align-0.1.3.tgz#aa0d32629b6ee972200411cbd4461c907bc2b7ad"
  dependencies:
    align-text "^0.1.3"
    lazy-cache "^1.0.3"

chalk@^1.0.0, chalk@^1.1.1:
  version "1.1.3"
  resolved "https://registry.yarnpkg.com/chalk/-/chalk-1.1.3.tgz#a8115c55e4a702fe4d150abd3872822a7e09fc98"
  dependencies:
    ansi-styles "^2.2.1"
    escape-string-regexp "^1.0.2"
    has-ansi "^2.0.0"
    strip-ansi "^3.0.0"
    supports-color "^2.0.0"

cli-width@^1.0.1:
  version "1.1.1"
  resolved "https://registry.yarnpkg.com/cli-width/-/cli-width-1.1.1.tgz#a4d293ef67ebb7b88d4a4d42c0ccf00c4d1e366d"

cliui@^2.1.0:
  version "2.1.0"
  resolved "https://registry.yarnpkg.com/cliui/-/cliui-2.1.0.tgz#4b475760ff80264c762c3a1719032e91c7fea0d1"
  dependencies:
    center-align "^0.1.1"
    right-align "^0.1.1"
    wordwrap "0.0.2"

cliui@^3.0.3:
  version "3.2.0"
  resolved "https://registry.yarnpkg.com/cliui/-/cliui-3.2.0.tgz#120601537a916d29940f934da3b48d585a39213d"
  dependencies:
    string-width "^1.0.1"
    strip-ansi "^3.0.1"
    wrap-ansi "^2.0.0"

code-point-at@^1.0.0:
  version "1.1.0"
  resolved "https://registry.yarnpkg.com/code-point-at/-/code-point-at-1.1.0.tgz#0d070b4d043a5bea33a2f1a40e2edb3d9a4ccf77"

color-support@^1.1.0:
  version "1.1.3"
  resolved "https://registry.yarnpkg.com/color-support/-/color-support-1.1.3.tgz#93834379a1cc9a0c61f82f52f0d04322251bd5a2"

combined-stream@^1.0.5, combined-stream@~1.0.5:
  version "1.0.6"
  resolved "https://registry.yarnpkg.com/combined-stream/-/combined-stream-1.0.6.tgz#723e7df6e801ac5613113a7e445a9b69cb632818"
  dependencies:
    delayed-stream "~1.0.0"

commander@^2.9.0:
  version "2.15.1"
  resolved "https://registry.yarnpkg.com/commander/-/commander-2.15.1.tgz#df46e867d0fc2aec66a34662b406a9ccafff5b0f"

concat-map@0.0.1:
  version "0.0.1"
  resolved "https://registry.yarnpkg.com/concat-map/-/concat-map-0.0.1.tgz#d8a96bd77fd68df7793a73036a3ba0d5405d477b"

concat-stream@^1.4.6:
  version "1.6.2"
  resolved "https://registry.yarnpkg.com/concat-stream/-/concat-stream-1.6.2.tgz#904bdf194cd3122fc675c77fc4ac3d4ff0fd1a34"
  dependencies:
    buffer-from "^1.0.0"
    inherits "^2.0.3"
    readable-stream "^2.2.2"
    typedarray "^0.0.6"

core-util-is@1.0.2, core-util-is@~1.0.0:
  version "1.0.2"
  resolved "https://registry.yarnpkg.com/core-util-is/-/core-util-is-1.0.2.tgz#b5fd54220aa2bc5ab57aab7140c940754503c1a7"

coveralls@^2.11.2:
  version "2.13.3"
  resolved "https://registry.yarnpkg.com/coveralls/-/coveralls-2.13.3.tgz#9ad7c2ae527417f361e8b626483f48ee92dd2bc7"
  dependencies:
    js-yaml "3.6.1"
    lcov-parse "0.0.10"
    log-driver "1.2.5"
    minimist "1.2.0"
    request "2.79.0"

cross-spawn@^4:
  version "4.0.2"
  resolved "https://registry.yarnpkg.com/cross-spawn/-/cross-spawn-4.0.2.tgz#7b9247621c23adfdd3856004a823cbe397424d41"
  dependencies:
    lru-cache "^4.0.1"
    which "^1.2.9"

cryptiles@2.x.x:
  version "2.0.5"
  resolved "https://registry.yarnpkg.com/cryptiles/-/cryptiles-2.0.5.tgz#3bdfecdc608147c1c67202fa291e7dca59eaa3b8"
  dependencies:
    boom "2.x.x"

d@1:
  version "1.0.0"
  resolved "https://registry.yarnpkg.com/d/-/d-1.0.0.tgz#754bb5bfe55451da69a58b94d45f4c5b0462d58f"
  dependencies:
    es5-ext "^0.10.9"

dashdash@^1.12.0:
  version "1.14.1"
  resolved "https://registry.yarnpkg.com/dashdash/-/dashdash-1.14.1.tgz#853cfa0f7cbe2fed5de20326b8dd581035f6e2f0"
  dependencies:
    assert-plus "^1.0.0"

debug@^2.1.1, debug@^2.1.3:
  version "2.6.9"
  resolved "https://registry.yarnpkg.com/debug/-/debug-2.6.9.tgz#5d128515df134ff327e90a4c93f4e077a536341f"
  dependencies:
    ms "2.0.0"

decamelize@^1.0.0, decamelize@^1.1.1:
  version "1.2.0"
  resolved "https://registry.yarnpkg.com/decamelize/-/decamelize-1.2.0.tgz#f6534d15148269b20352e7bee26f501f9a191290"

deep-equal@*:
  version "1.0.1"
  resolved "https://registry.yarnpkg.com/deep-equal/-/deep-equal-1.0.1.tgz#f5d260292b660e084eff4cdbc9f08ad3247448b5"

deep-is@~0.1.2:
  version "0.1.3"
  resolved "https://registry.yarnpkg.com/deep-is/-/deep-is-0.1.3.tgz#b369d6fb5dbc13eecf524f91b070feedc357cf34"

deeper@^2.1.0:
  version "2.1.0"
  resolved "https://registry.yarnpkg.com/deeper/-/deeper-2.1.0.tgz#bc564e5f73174fdf201e08b00030e8a14da74368"

delayed-stream@~1.0.0:
  version "1.0.0"
  resolved "https://registry.yarnpkg.com/delayed-stream/-/delayed-stream-1.0.0.tgz#df3ae199acadfb7d440aaae0b29e2272b24ec619"

diff@^1.3.2:
  version "1.4.0"
  resolved "https://registry.yarnpkg.com/diff/-/diff-1.4.0.tgz#7f28d2eb9ee7b15a97efd89ce63dcfdaa3ccbabf"

doctrine@^0.6.2:
  version "0.6.4"
  resolved "https://registry.yarnpkg.com/doctrine/-/doctrine-0.6.4.tgz#81428491a942ef18b0492056eda3800eee57d61d"
  dependencies:
    esutils "^1.1.6"
    isarray "0.0.1"

ecc-jsbn@~0.1.1:
  version "0.1.1"
  resolved "https://registry.yarnpkg.com/ecc-jsbn/-/ecc-jsbn-0.1.1.tgz#0fc73a9ed5f0d53c38193398523ef7e543777505"
  dependencies:
    jsbn "~0.1.0"

es5-ext@^0.10.14, es5-ext@^0.10.35, es5-ext@^0.10.9, es5-ext@~0.10.14:
  version "0.10.42"
  resolved "https://registry.yarnpkg.com/es5-ext/-/es5-ext-0.10.42.tgz#8c07dd33af04d5dcd1310b5cef13bea63a89ba8d"
  dependencies:
    es6-iterator "~2.0.3"
    es6-symbol "~3.1.1"
    next-tick "1"

es6-iterator@^2.0.1, es6-iterator@~2.0.1, es6-iterator@~2.0.3:
  version "2.0.3"
  resolved "https://registry.yarnpkg.com/es6-iterator/-/es6-iterator-2.0.3.tgz#a7de889141a05a94b0854403b2d0a0fbfa98f3b7"
  dependencies:
    d "1"
    es5-ext "^0.10.35"
    es6-symbol "^3.1.1"

es6-map@^0.1.3:
  version "0.1.5"
  resolved "https://registry.yarnpkg.com/es6-map/-/es6-map-0.1.5.tgz#9136e0503dcc06a301690f0bb14ff4e364e949f0"
  dependencies:
    d "1"
    es5-ext "~0.10.14"
    es6-iterator "~2.0.1"
    es6-set "~0.1.5"
    es6-symbol "~3.1.1"
    event-emitter "~0.3.5"

es6-set@~0.1.5:
  version "0.1.5"
  resolved "https://registry.yarnpkg.com/es6-set/-/es6-set-0.1.5.tgz#d2b3ec5d4d800ced818db538d28974db0a73ccb1"
  dependencies:
    d "1"
    es5-ext "~0.10.14"
    es6-iterator "~2.0.1"
    es6-symbol "3.1.1"
    event-emitter "~0.3.5"

es6-symbol@3.1.1, es6-symbol@^3.1.1, es6-symbol@~3.1.1:
  version "3.1.1"
  resolved "https://registry.yarnpkg.com/es6-symbol/-/es6-symbol-3.1.1.tgz#bf00ef4fdab6ba1b46ecb7b629b4c7ed5715cc77"
  dependencies:
    d "1"
    es5-ext "~0.10.14"

es6-weak-map@^2.0.1:
  version "2.0.2"
  resolved "https://registry.yarnpkg.com/es6-weak-map/-/es6-weak-map-2.0.2.tgz#5e3ab32251ffd1538a1f8e5ffa1357772f92d96f"
  dependencies:
    d "1"
    es5-ext "^0.10.14"
    es6-iterator "^2.0.1"
    es6-symbol "^3.1.1"

escape-string-regexp@^1.0.2, escape-string-regexp@^1.0.3, escape-string-regexp@^1.0.5:
  version "1.0.5"
  resolved "https://registry.yarnpkg.com/escape-string-regexp/-/escape-string-regexp-1.0.5.tgz#1b61c0562190a8dff6ae3bb2cf0200ca130b86d4"

escodegen@1.7.x:
  version "1.7.1"
  resolved "https://registry.yarnpkg.com/escodegen/-/escodegen-1.7.1.tgz#30ecfcf66ca98dc67cd2fd162abeb6eafa8ce6fc"
  dependencies:
    esprima "^1.2.2"
    estraverse "^1.9.1"
    esutils "^2.0.2"
    optionator "^0.5.0"
  optionalDependencies:
    source-map "~0.2.0"

escope@^3.1.0:
  version "3.6.0"
  resolved "https://registry.yarnpkg.com/escope/-/escope-3.6.0.tgz#e01975e812781a163a6dadfdd80398dc64c889c3"
  dependencies:
    es6-map "^0.1.3"
    es6-weak-map "^2.0.1"
    esrecurse "^4.1.0"
    estraverse "^4.1.1"

eslint@^0.23.0:
  version "0.23.0"
  resolved "https://registry.yarnpkg.com/eslint/-/eslint-0.23.0.tgz#99f6653a824c5cd363f53909dcc8ef977f12de17"
  dependencies:
    chalk "^1.0.0"
    concat-stream "^1.4.6"
    debug "^2.1.1"
    doctrine "^0.6.2"
    escape-string-regexp "^1.0.2"
    escope "^3.1.0"
    espree "^2.0.1"
    estraverse "^2.0.0"
    estraverse-fb "^1.3.1"
    globals "^8.0.0"
    inquirer "^0.8.2"
    is-my-json-valid "^2.10.0"
    js-yaml "^3.2.5"
    minimatch "^2.0.1"
    mkdirp "^0.5.0"
    object-assign "^2.0.0"
    optionator "^0.5.0"
    path-is-absolute "^1.0.0"
    strip-json-comments "~1.0.1"
    text-table "~0.2.0"
    user-home "^1.0.0"
    xml-escape "~1.0.0"

espree@^2.0.1:
  version "2.2.5"
  resolved "https://registry.yarnpkg.com/espree/-/espree-2.2.5.tgz#df691b9310889402aeb29cc066708c56690b854b"

esprima@2.5.x:
  version "2.5.0"
  resolved "https://registry.yarnpkg.com/esprima/-/esprima-2.5.0.tgz#f387a46fd344c1b1a39baf8c20bfb43b6d0058cc"

esprima@^1.2.2:
  version "1.2.5"
  resolved "https://registry.yarnpkg.com/esprima/-/esprima-1.2.5.tgz#0993502feaf668138325756f30f9a51feeec11e9"

esprima@^2.6.0:
  version "2.7.3"
  resolved "https://registry.yarnpkg.com/esprima/-/esprima-2.7.3.tgz#96e3b70d5779f6ad49cd032673d1c312767ba581"

esprima@^4.0.0:
  version "4.0.0"
  resolved "https://registry.yarnpkg.com/esprima/-/esprima-4.0.0.tgz#4499eddcd1110e0b218bacf2fa7f7f59f55ca804"

esrecurse@^4.1.0:
  version "4.2.1"
  resolved "https://registry.yarnpkg.com/esrecurse/-/esrecurse-4.2.1.tgz#007a3b9fdbc2b3bb87e4879ea19c92fdbd3942cf"
  dependencies:
    estraverse "^4.1.0"

estraverse-fb@^1.3.1:
  version "1.3.2"
  resolved "https://registry.yarnpkg.com/estraverse-fb/-/estraverse-fb-1.3.2.tgz#d323a4cb5e5ac331cea033413a9253e1643e07c4"

estraverse@^1.9.1:
  version "1.9.3"
  resolved "https://registry.yarnpkg.com/estraverse/-/estraverse-1.9.3.tgz#af67f2dc922582415950926091a4005d29c9bb44"

estraverse@^2.0.0:
  version "2.0.0"
  resolved "https://registry.yarnpkg.com/estraverse/-/estraverse-2.0.0.tgz#5ae46963243600206674ccb24a09e16674fcdca1"

estraverse@^4.1.0, estraverse@^4.1.1:
  version "4.2.0"
  resolved "https://registry.yarnpkg.com/estraverse/-/estraverse-4.2.0.tgz#0dee3fed31fcd469618ce7342099fc1afa0bdb13"

esutils@^1.1.6:
  version "1.1.6"
  resolved "https://registry.yarnpkg.com/esutils/-/esutils-1.1.6.tgz#c01ccaa9ae4b897c6d0c3e210ae52f3c7a844375"

esutils@^2.0.2:
  version "2.0.2"
  resolved "https://registry.yarnpkg.com/esutils/-/esutils-2.0.2.tgz#0abf4f1caa5bcb1f7a9d8acc6dea4faaa04bac9b"

event-emitter@~0.3.5:
  version "0.3.5"
  resolved "https://registry.yarnpkg.com/event-emitter/-/event-emitter-0.3.5.tgz#df8c69eef1647923c7157b9ce83840610b02cc39"
  dependencies:
    d "1"
    es5-ext "~0.10.14"

events-to-array@^1.0.1:
  version "1.1.2"
  resolved "https://registry.yarnpkg.com/events-to-array/-/events-to-array-1.1.2.tgz#2d41f563e1fe400ed4962fe1a4d5c6a7539df7f6"

extend@~3.0.0:
  version "3.0.1"
  resolved "https://registry.yarnpkg.com/extend/-/extend-3.0.1.tgz#a755ea7bc1adfcc5a31ce7e762dbaadc5e636444"

extsprintf@1.3.0:
  version "1.3.0"
  resolved "https://registry.yarnpkg.com/extsprintf/-/extsprintf-1.3.0.tgz#96918440e3041a7a414f8c52e3c574eb3c3e1e05"

extsprintf@^1.2.0:
  version "1.4.0"
  resolved "https://registry.yarnpkg.com/extsprintf/-/extsprintf-1.4.0.tgz#e2689f8f356fad62cca65a3a91c5df5f9551692f"

fast-levenshtein@~1.0.0:
  version "1.0.7"
  resolved "https://registry.yarnpkg.com/fast-levenshtein/-/fast-levenshtein-1.0.7.tgz#0178dcdee023b92905193af0959e8a7639cfdcb9"

figures@^1.3.5:
  version "1.7.0"
  resolved "https://registry.yarnpkg.com/figures/-/figures-1.7.0.tgz#cbe1e3affcf1cd44b80cadfed28dc793a9701d2e"
  dependencies:
    escape-string-regexp "^1.0.5"
    object-assign "^4.1.0"

fileset@0.2.x:
  version "0.2.1"
  resolved "https://registry.yarnpkg.com/fileset/-/fileset-0.2.1.tgz#588ef8973c6623b2a76df465105696b96aac8067"
  dependencies:
    glob "5.x"
    minimatch "2.x"

foreground-child@1.3.0:
  version "1.3.0"
  resolved "https://registry.yarnpkg.com/foreground-child/-/foreground-child-1.3.0.tgz#a69927df5c0273fdaf2535bf16c42a7fd711bb8b"
  dependencies:
    signal-exit "^2.0.0"

foreground-child@^1.2.0, foreground-child@^1.5.6:
  version "1.5.6"
  resolved "https://registry.yarnpkg.com/foreground-child/-/foreground-child-1.5.6.tgz#4fd71ad2dfde96789b980a5c0a295937cb2f5ce9"
  dependencies:
    cross-spawn "^4"
    signal-exit "^3.0.0"

forever-agent@~0.6.1:
  version "0.6.1"
  resolved "https://registry.yarnpkg.com/forever-agent/-/forever-agent-0.6.1.tgz#fbc71f0c41adeb37f96c577ad1ed42d8fdacca91"

form-data@~2.1.1:
  version "2.1.4"
  resolved "https://registry.yarnpkg.com/form-data/-/form-data-2.1.4.tgz#33c183acf193276ecaa98143a69e94bfee1750d1"
  dependencies:
    asynckit "^0.4.0"
    combined-stream "^1.0.5"
    mime-types "^2.1.12"

fs.realpath@^1.0.0:
  version "1.0.0"
  resolved "https://registry.yarnpkg.com/fs.realpath/-/fs.realpath-1.0.0.tgz#1504ad2523158caa40db4a2787cb01411994ea4f"

generate-function@^2.0.0:
  version "2.0.0"
  resolved "https://registry.yarnpkg.com/generate-function/-/generate-function-2.0.0.tgz#6858fe7c0969b7d4e9093337647ac79f60dfbe74"

generate-object-property@^1.1.0:
  version "1.2.0"
  resolved "https://registry.yarnpkg.com/generate-object-property/-/generate-object-property-1.2.0.tgz#9c0e1c40308ce804f4783618b937fa88f99d50d0"
  dependencies:
    is-property "^1.0.0"

getpass@^0.1.1:
  version "0.1.7"
  resolved "https://registry.yarnpkg.com/getpass/-/getpass-0.1.7.tgz#5eff8e3e684d569ae4cb2b1282604e8ba62149fa"
  dependencies:
    assert-plus "^1.0.0"

glob@5.x, glob@^5.0.14, glob@^5.0.6:
  version "5.0.15"
  resolved "https://registry.yarnpkg.com/glob/-/glob-5.0.15.tgz#1bc936b9e02f4a603fcc222ecf7633d30b8b93b1"
  dependencies:
    inflight "^1.0.4"
    inherits "2"
    minimatch "2 || 3"
    once "^1.3.0"
    path-is-absolute "^1.0.0"

glob@^7.0.5:
  version "7.1.2"
  resolved "https://registry.yarnpkg.com/glob/-/glob-7.1.2.tgz#c19c9df9a028702d678612384a6552404c636d15"
  dependencies:
    fs.realpath "^1.0.0"
    inflight "^1.0.4"
    inherits "2"
    minimatch "^3.0.4"
    once "^1.3.0"
    path-is-absolute "^1.0.0"

globals@^8.0.0:
  version "8.18.0"
  resolved "https://registry.yarnpkg.com/globals/-/globals-8.18.0.tgz#93d4a62bdcac38cfafafc47d6b034768cb0ffcb4"

handlebars@^4.0.1:
  version "4.0.11"
  resolved "https://registry.yarnpkg.com/handlebars/-/handlebars-4.0.11.tgz#630a35dfe0294bc281edae6ffc5d329fc7982dcc"
  dependencies:
    async "^1.4.0"
    optimist "^0.6.1"
    source-map "^0.4.4"
  optionalDependencies:
    uglify-js "^2.6"

har-validator@~2.0.6:
  version "2.0.6"
  resolved "https://registry.yarnpkg.com/har-validator/-/har-validator-2.0.6.tgz#cdcbc08188265ad119b6a5a7c8ab70eecfb5d27d"
  dependencies:
    chalk "^1.1.1"
    commander "^2.9.0"
    is-my-json-valid "^2.12.4"
    pinkie-promise "^2.0.0"

has-ansi@^2.0.0:
  version "2.0.0"
  resolved "https://registry.yarnpkg.com/has-ansi/-/has-ansi-2.0.0.tgz#34f5049ce1ecdf2b0649af3ef24e45ed35416d91"
  dependencies:
    ansi-regex "^2.0.0"

has-flag@^1.0.0:
  version "1.0.0"
  resolved "https://registry.yarnpkg.com/has-flag/-/has-flag-1.0.0.tgz#9d9e793165ce017a00f00418c43f942a7b1d11fa"

hawk@~3.1.3:
  version "3.1.3"
  resolved "https://registry.yarnpkg.com/hawk/-/hawk-3.1.3.tgz#078444bd7c1640b0fe540d2c9b73d59678e8e1c4"
  dependencies:
    boom "2.x.x"
    cryptiles "2.x.x"
    hoek "2.x.x"
    sntp "1.x.x"

hoek@2.x.x:
  version "2.16.3"
  resolved "https://registry.yarnpkg.com/hoek/-/hoek-2.16.3.tgz#20bb7403d3cea398e91dc4710a8ff1b8274a25ed"

http-signature@~1.1.0:
  version "1.1.1"
  resolved "https://registry.yarnpkg.com/http-signature/-/http-signature-1.1.1.tgz#df72e267066cd0ac67fb76adf8e134a8fbcf91bf"
  dependencies:
    assert-plus "^0.2.0"
    jsprim "^1.2.2"
    sshpk "^1.7.0"

inflight@^1.0.4:
  version "1.0.6"
  resolved "https://registry.yarnpkg.com/inflight/-/inflight-1.0.6.tgz#49bd6331d7d02d0c09bc910a1075ba8165b56df9"
  dependencies:
    once "^1.3.0"
    wrappy "1"

inherits@2, inherits@^2.0.3, inherits@~2.0.1, inherits@~2.0.3:
  version "2.0.3"
  resolved "https://registry.yarnpkg.com/inherits/-/inherits-2.0.3.tgz#633c2c83e3da42a502f52466022480f4208261de"

inquirer@^0.8.2:
  version "0.8.5"
  resolved "https://registry.yarnpkg.com/inquirer/-/inquirer-0.8.5.tgz#dbd740cf6ca3b731296a63ce6f6d961851f336df"
  dependencies:
    ansi-regex "^1.1.1"
    chalk "^1.0.0"
    cli-width "^1.0.1"
    figures "^1.3.5"
    lodash "^3.3.1"
    readline2 "^0.1.1"
    rx "^2.4.3"
    through "^2.3.6"

invert-kv@^1.0.0:
  version "1.0.0"
  resolved "https://registry.yarnpkg.com/invert-kv/-/invert-kv-1.0.0.tgz#104a8e4aaca6d3d8cd157a8ef8bfab2d7a3ffdb6"

is-buffer@^1.1.5:
  version "1.1.6"
  resolved "https://registry.yarnpkg.com/is-buffer/-/is-buffer-1.1.6.tgz#efaa2ea9daa0d7ab2ea13a97b2b8ad51fefbe8be"

is-fullwidth-code-point@^1.0.0:
  version "1.0.0"
  resolved "https://registry.yarnpkg.com/is-fullwidth-code-point/-/is-fullwidth-code-point-1.0.0.tgz#ef9e31386f031a7f0d643af82fde50c457ef00cb"
  dependencies:
    number-is-nan "^1.0.0"

is-my-ip-valid@^1.0.0:
  version "1.0.0"
  resolved "https://registry.yarnpkg.com/is-my-ip-valid/-/is-my-ip-valid-1.0.0.tgz#7b351b8e8edd4d3995d4d066680e664d94696824"

is-my-json-valid@^2.10.0, is-my-json-valid@^2.12.4:
  version "2.17.2"
  resolved "https://registry.yarnpkg.com/is-my-json-valid/-/is-my-json-valid-2.17.2.tgz#6b2103a288e94ef3de5cf15d29dd85fc4b78d65c"
  dependencies:
    generate-function "^2.0.0"
    generate-object-property "^1.1.0"
    is-my-ip-valid "^1.0.0"
    jsonpointer "^4.0.0"
    xtend "^4.0.0"

is-property@^1.0.0:
  version "1.0.2"
  resolved "https://registry.yarnpkg.com/is-property/-/is-property-1.0.2.tgz#57fe1c4e48474edd65b09911f26b1cd4095dda84"

is-typedarray@~1.0.0:
  version "1.0.0"
  resolved "https://registry.yarnpkg.com/is-typedarray/-/is-typedarray-1.0.0.tgz#e479c80858df0c1b11ddda6940f96011fcda4a9a"

is-utf8@^0.2.0:
  version "0.2.1"
  resolved "https://registry.yarnpkg.com/is-utf8/-/is-utf8-0.2.1.tgz#4b0da1442104d1b336340e80797e865cf39f7d72"

isarray@0.0.1:
  version "0.0.1"
  resolved "https://registry.yarnpkg.com/isarray/-/isarray-0.0.1.tgz#8a18acfca9a8f4177e09abfc6038939b05d1eedf"

isarray@~1.0.0:
  version "1.0.0"
  resolved "https://registry.yarnpkg.com/isarray/-/isarray-1.0.0.tgz#bb935d48582cba168c06834957a54a3e07124f11"

isexe@^2.0.0:
  version "2.0.0"
  resolved "https://registry.yarnpkg.com/isexe/-/isexe-2.0.0.tgz#e8fbf374dc556ff8947a10dcb0572d633f2cfa10"

isstream@~0.1.2:
  version "0.1.2"
  resolved "https://registry.yarnpkg.com/isstream/-/isstream-0.1.2.tgz#47e63f7af55afa6f92e1500e690eb8b8529c099a"

istanbul@^0.3.19:
  version "0.3.22"
  resolved "https://registry.yarnpkg.com/istanbul/-/istanbul-0.3.22.tgz#3e164d85021fe19c985d1f0e7ef0c3e22d012eb6"
  dependencies:
    abbrev "1.0.x"
    async "1.x"
    escodegen "1.7.x"
    esprima "2.5.x"
    fileset "0.2.x"
    handlebars "^4.0.1"
    js-yaml "3.x"
    mkdirp "0.5.x"
    nopt "3.x"
    once "1.x"
    resolve "1.1.x"
    supports-color "^3.1.0"
    which "^1.1.1"
    wordwrap "^1.0.0"

js-yaml@3.6.1:
  version "3.6.1"
  resolved "https://registry.yarnpkg.com/js-yaml/-/js-yaml-3.6.1.tgz#6e5fe67d8b205ce4d22fad05b7781e8dadcc4b30"
  dependencies:
    argparse "^1.0.7"
    esprima "^2.6.0"

js-yaml@3.x, js-yaml@^3.2.5, js-yaml@^3.2.7, js-yaml@^3.3.1:
  version "3.11.0"
  resolved "https://registry.yarnpkg.com/js-yaml/-/js-yaml-3.11.0.tgz#597c1a8bd57152f26d622ce4117851a51f5ebaef"
  dependencies:
    argparse "^1.0.7"
    esprima "^4.0.0"

jsbn@~0.1.0:
  version "0.1.1"
  resolved "https://registry.yarnpkg.com/jsbn/-/jsbn-0.1.1.tgz#a5e654c2e5a2deb5f201d96cefbca80c0ef2f513"

json-schema@0.2.3:
  version "0.2.3"
  resolved "https://registry.yarnpkg.com/json-schema/-/json-schema-0.2.3.tgz#b480c892e59a2f05954ce727bd3f2a4e882f9e13"

json-stringify-safe@~5.0.1:
  version "5.0.1"
  resolved "https://registry.yarnpkg.com/json-stringify-safe/-/json-stringify-safe-5.0.1.tgz#1296a2d58fd45f19a0f6ce01d65701e2c735b6eb"

jsonpointer@^4.0.0:
  version "4.0.1"
  resolved "https://registry.yarnpkg.com/jsonpointer/-/jsonpointer-4.0.1.tgz#4fd92cb34e0e9db3c89c8622ecf51f9b978c6cb9"

jsprim@^1.2.2:
  version "1.4.1"
  resolved "https://registry.yarnpkg.com/jsprim/-/jsprim-1.4.1.tgz#313e66bc1e5cc06e438bc1b7499c2e5c56acb6a2"
  dependencies:
    assert-plus "1.0.0"
    extsprintf "1.3.0"
    json-schema "0.2.3"
    verror "1.10.0"

kind-of@^3.0.2:
  version "3.2.2"
  resolved "https://registry.yarnpkg.com/kind-of/-/kind-of-3.2.2.tgz#31ea21a734bab9bbb0f32466d893aea51e4a3c64"
  dependencies:
    is-buffer "^1.1.5"

lazy-cache@^1.0.3:
  version "1.0.4"
  resolved "https://registry.yarnpkg.com/lazy-cache/-/lazy-cache-1.0.4.tgz#a1d78fc3a50474cb80845d3b3b6e1da49a446e8e"

lcid@^1.0.0:
  version "1.0.0"
  resolved "https://registry.yarnpkg.com/lcid/-/lcid-1.0.0.tgz#308accafa0bc483a3867b4b6f2b9506251d1b835"
  dependencies:
    invert-kv "^1.0.0"

lcov-parse@0.0.10:
  version "0.0.10"
  resolved "https://registry.yarnpkg.com/lcov-parse/-/lcov-parse-0.0.10.tgz#1b0b8ff9ac9c7889250582b70b71315d9da6d9a3"

levn@~0.2.5:
  version "0.2.5"
  resolved "https://registry.yarnpkg.com/levn/-/levn-0.2.5.tgz#ba8d339d0ca4a610e3a3f145b9caf48807155054"
  dependencies:
    prelude-ls "~1.1.0"
    type-check "~0.3.1"

lodash@^3.10.0, lodash@^3.3.1:
  version "3.10.1"
  resolved "https://registry.yarnpkg.com/lodash/-/lodash-3.10.1.tgz#5bf45e8e49ba4189e17d482789dfd15bd140b7b6"

log-driver@1.2.5:
  version "1.2.5"
  resolved "https://registry.yarnpkg.com/log-driver/-/log-driver-1.2.5.tgz#7ae4ec257302fd790d557cb10c97100d857b0056"

longest@^1.0.1:
  version "1.0.1"
  resolved "https://registry.yarnpkg.com/longest/-/longest-1.0.1.tgz#30a0b2da38f73770e8294a0d22e6625ed77d0097"

lru-cache@^4.0.1:
  version "4.1.2"
  resolved "https://registry.yarnpkg.com/lru-cache/-/lru-cache-4.1.2.tgz#45234b2e6e2f2b33da125624c4664929a0224c3f"
  dependencies:
    pseudomap "^1.0.2"
    yallist "^2.1.2"

mime-db@~1.33.0:
  version "1.33.0"
  resolved "https://registry.yarnpkg.com/mime-db/-/mime-db-1.33.0.tgz#a3492050a5cb9b63450541e39d9788d2272783db"

mime-types@^2.1.12, mime-types@~2.1.7:
  version "2.1.18"
  resolved "https://registry.yarnpkg.com/mime-types/-/mime-types-2.1.18.tgz#6f323f60a83d11146f831ff11fd66e2fe5503bb8"
  dependencies:
    mime-db "~1.33.0"

"minimatch@2 || 3", minimatch@^3.0.4:
  version "3.0.4"
  resolved "https://registry.yarnpkg.com/minimatch/-/minimatch-3.0.4.tgz#5166e286457f03306064be5497e8dbb0c3d32083"
  dependencies:
    brace-expansion "^1.1.7"

minimatch@2.x, minimatch@^2.0.1:
  version "2.0.10"
  resolved "https://registry.yarnpkg.com/minimatch/-/minimatch-2.0.10.tgz#8d087c39c6b38c001b97fca7ce6d0e1e80afbac7"
  dependencies:
    brace-expansion "^1.0.0"

minimist@0.0.8:
  version "0.0.8"
  resolved "https://registry.yarnpkg.com/minimist/-/minimist-0.0.8.tgz#857fcabfc3397d2625b8228262e86aa7a011b05d"

minimist@1.2.0:
  version "1.2.0"
  resolved "https://registry.yarnpkg.com/minimist/-/minimist-1.2.0.tgz#a35008b20f41383eec1fb914f4cd5df79a264284"

minimist@~0.0.1:
  version "0.0.10"
  resolved "https://registry.yarnpkg.com/minimist/-/minimist-0.0.10.tgz#de3f98543dbf96082be48ad1a0c7cda836301dcf"

mkdirp@0.5.x, mkdirp@^0.5.0:
  version "0.5.1"
  resolved "https://registry.yarnpkg.com/mkdirp/-/mkdirp-0.5.1.tgz#30057438eac6cf7f8c4767f38648d6697d75c903"
  dependencies:
    minimist "0.0.8"

ms@2.0.0:
  version "2.0.0"
  resolved "https://registry.yarnpkg.com/ms/-/ms-2.0.0.tgz#5608aeadfc00be6c2901df5f9861788de0d597c8"

mute-stream@0.0.4:
  version "0.0.4"
  resolved "https://registry.yarnpkg.com/mute-stream/-/mute-stream-0.0.4.tgz#a9219960a6d5d5d046597aee51252c6655f7177e"

next-tick@1:
  version "1.0.0"
  resolved "https://registry.yarnpkg.com/next-tick/-/next-tick-1.0.0.tgz#ca86d1fe8828169b0120208e3dc8424b9db8342c"

nopt@3.x:
  version "3.0.6"
  resolved "https://registry.yarnpkg.com/nopt/-/nopt-3.0.6.tgz#c6465dbf08abcd4db359317f79ac68a646b28ff9"
  dependencies:
    abbrev "1"

number-is-nan@^1.0.0:
  version "1.0.1"
  resolved "https://registry.yarnpkg.com/number-is-nan/-/number-is-nan-1.0.1.tgz#097b602b53422a522c1afb8790318336941a011d"

nyc@^3.1.0:
  version "3.2.2"
  resolved "https://registry.yarnpkg.com/nyc/-/nyc-3.2.2.tgz#a21223ffcd86bf3d2d2ae9e14b8a08aeade046ee"
  dependencies:
    foreground-child "1.3.0"
    glob "^5.0.14"
    istanbul "^0.3.19"
    lodash "^3.10.0"
    mkdirp "^0.5.0"
    rimraf "^2.4.2"
    signal-exit "^2.1.1"
    spawn-wrap "^1.0.1"
    strip-bom "^2.0.0"
    yargs "^3.15.0"

oauth-sign@~0.8.1:
  version "0.8.2"
  resolved "https://registry.yarnpkg.com/oauth-sign/-/oauth-sign-0.8.2.tgz#46a6ab7f0aead8deae9ec0565780b7d4efeb9d43"

object-assign@^2.0.0:
  version "2.1.1"
  resolved "https://registry.yarnpkg.com/object-assign/-/object-assign-2.1.1.tgz#43c36e5d569ff8e4816c4efa8be02d26967c18aa"

object-assign@^4.1.0:
  version "4.1.1"
  resolved "https://registry.yarnpkg.com/object-assign/-/object-assign-4.1.1.tgz#2109adc7965887cfc05cbbd442cac8bfbb360863"

once@1.x, once@^1.3.0:
  version "1.4.0"
  resolved "https://registry.yarnpkg.com/once/-/once-1.4.0.tgz#583b1aa775961d4b113ac17d9c50baef9dd76bd1"
  dependencies:
    wrappy "1"

only-shallow@^1.0.2:
  version "1.2.0"
  resolved "https://registry.yarnpkg.com/only-shallow/-/only-shallow-1.2.0.tgz#71cecedba9324bc0518aef10ec080d3249dc2465"

opener@^1.4.1:
  version "1.4.3"
  resolved "https://registry.yarnpkg.com/opener/-/opener-1.4.3.tgz#5c6da2c5d7e5831e8ffa3964950f8d6674ac90b8"

optimist@^0.6.1:
  version "0.6.1"
  resolved "https://registry.yarnpkg.com/optimist/-/optimist-0.6.1.tgz#da3ea74686fa21a19a111c326e90eb15a0196686"
  dependencies:
    minimist "~0.0.1"
    wordwrap "~0.0.2"

optionator@^0.5.0:
  version "0.5.0"
  resolved "https://registry.yarnpkg.com/optionator/-/optionator-0.5.0.tgz#b75a8995a2d417df25b6e4e3862f50aa88651368"
  dependencies:
    deep-is "~0.1.2"
    fast-levenshtein "~1.0.0"
    levn "~0.2.5"
    prelude-ls "~1.1.1"
    type-check "~0.3.1"
    wordwrap "~0.0.2"

os-homedir@^1.0.1:
  version "1.0.2"
  resolved "https://registry.yarnpkg.com/os-homedir/-/os-homedir-1.0.2.tgz#ffbc4988336e0e833de0c168c7ef152121aa7fb3"

os-locale@^1.4.0:
  version "1.4.0"
  resolved "https://registry.yarnpkg.com/os-locale/-/os-locale-1.4.0.tgz#20f9f17ae29ed345e8bde583b13d2009803c14d9"
  dependencies:
    lcid "^1.0.0"

path-is-absolute@^1.0.0:
  version "1.0.1"
  resolved "https://registry.yarnpkg.com/path-is-absolute/-/path-is-absolute-1.0.1.tgz#174b9268735534ffbc7ace6bf53a5a9e1b5c5f5f"

pinkie-promise@^2.0.0:
  version "2.0.1"
  resolved "https://registry.yarnpkg.com/pinkie-promise/-/pinkie-promise-2.0.1.tgz#2135d6dfa7a358c069ac9b178776288228450ffa"
  dependencies:
    pinkie "^2.0.0"

pinkie@^2.0.0:
  version "2.0.4"
  resolved "https://registry.yarnpkg.com/pinkie/-/pinkie-2.0.4.tgz#72556b80cfa0d48a974e80e77248e80ed4f7f870"

prelude-ls@~1.1.0, prelude-ls@~1.1.1, prelude-ls@~1.1.2:
  version "1.1.2"
  resolved "https://registry.yarnpkg.com/prelude-ls/-/prelude-ls-1.1.2.tgz#21932a549f5e52ffd9a827f570e04be62a97da54"

process-nextick-args@~2.0.0:
  version "2.0.0"
  resolved "https://registry.yarnpkg.com/process-nextick-args/-/process-nextick-args-2.0.0.tgz#a37d732f4271b4ab1ad070d35508e8290788ffaa"

pseudomap@^1.0.2:
  version "1.0.2"
  resolved "https://registry.yarnpkg.com/pseudomap/-/pseudomap-1.0.2.tgz#f052a28da70e618917ef0a8ac34c1ae5a68286b3"

punycode@^1.3.2, punycode@^1.4.1:
  version "1.4.1"
  resolved "https://registry.yarnpkg.com/punycode/-/punycode-1.4.1.tgz#c0d5a63b2718800ad8e1eb0fa5269c84dd41845e"

qs@~6.3.0:
  version "6.3.2"
  resolved "https://registry.yarnpkg.com/qs/-/qs-6.3.2.tgz#e75bd5f6e268122a2a0e0bda630b2550c166502c"

readable-stream@^1.1.13:
  version "1.1.14"
  resolved "https://registry.yarnpkg.com/readable-stream/-/readable-stream-1.1.14.tgz#7cf4c54ef648e3813084c636dd2079e166c081d9"
  dependencies:
    core-util-is "~1.0.0"
    inherits "~2.0.1"
    isarray "0.0.1"
    string_decoder "~0.10.x"

readable-stream@^2, readable-stream@^2.0.2, readable-stream@^2.2.2:
  version "2.3.5"
  resolved "https://registry.yarnpkg.com/readable-stream/-/readable-stream-2.3.5.tgz#b4f85003a938cbb6ecbce2a124fb1012bd1a838d"
  dependencies:
    core-util-is "~1.0.0"
    inherits "~2.0.3"
    isarray "~1.0.0"
    process-nextick-args "~2.0.0"
    safe-buffer "~5.1.1"
    string_decoder "~1.0.3"
    util-deprecate "~1.0.1"

readline2@^0.1.1:
  version "0.1.1"
  resolved "https://registry.yarnpkg.com/readline2/-/readline2-0.1.1.tgz#99443ba6e83b830ef3051bfd7dc241a82728d568"
  dependencies:
    mute-stream "0.0.4"
    strip-ansi "^2.0.1"

repeat-string@^1.5.2:
  version "1.6.1"
  resolved "https://registry.yarnpkg.com/repeat-string/-/repeat-string-1.6.1.tgz#8dcae470e1c88abc2d600fff4a776286da75e637"

request@2.79.0:
  version "2.79.0"
  resolved "https://registry.yarnpkg.com/request/-/request-2.79.0.tgz#4dfe5bf6be8b8cdc37fcf93e04b65577722710de"
  dependencies:
    aws-sign2 "~0.6.0"
    aws4 "^1.2.1"
    caseless "~0.11.0"
    combined-stream "~1.0.5"
    extend "~3.0.0"
    forever-agent "~0.6.1"
    form-data "~2.1.1"
    har-validator "~2.0.6"
    hawk "~3.1.3"
    http-signature "~1.1.0"
    is-typedarray "~1.0.0"
    isstream "~0.1.2"
    json-stringify-safe "~5.0.1"
    mime-types "~2.1.7"
    oauth-sign "~0.8.1"
    qs "~6.3.0"
    stringstream "~0.0.4"
    tough-cookie "~2.3.0"
    tunnel-agent "~0.4.1"
    uuid "^3.0.0"

resolve@1.1.x:
  version "1.1.7"
  resolved "https://registry.yarnpkg.com/resolve/-/resolve-1.1.7.tgz#203114d82ad2c5ed9e8e0411b3932875e889e97b"

right-align@^0.1.1:
  version "0.1.3"
  resolved "https://registry.yarnpkg.com/right-align/-/right-align-0.1.3.tgz#61339b722fe6a3515689210d24e14c96148613ef"
  dependencies:
    align-text "^0.1.1"

rimraf@^2.4.2, rimraf@^2.6.2:
  version "2.6.2"
  resolved "https://registry.yarnpkg.com/rimraf/-/rimraf-2.6.2.tgz#2ed8150d24a16ea8651e6d6ef0f47c4158ce7a36"
  dependencies:
    glob "^7.0.5"

rx@^2.4.3:
  version "2.5.3"
  resolved "https://registry.yarnpkg.com/rx/-/rx-2.5.3.tgz#21adc7d80f02002af50dae97fd9dbf248755f566"

safe-buffer@~5.1.0, safe-buffer@~5.1.1:
  version "5.1.1"
  resolved "https://registry.yarnpkg.com/safe-buffer/-/safe-buffer-5.1.1.tgz#893312af69b2123def71f57889001671eeb2c853"

signal-exit@^2.0.0, signal-exit@^2.1.1:
  version "2.1.2"
  resolved "https://registry.yarnpkg.com/signal-exit/-/signal-exit-2.1.2.tgz#375879b1f92ebc3b334480d038dc546a6d558564"

signal-exit@^3.0.0, signal-exit@^3.0.2:
  version "3.0.2"
  resolved "https://registry.yarnpkg.com/signal-exit/-/signal-exit-3.0.2.tgz#b5fdc08f1287ea1178628e415e25132b73646c6d"

sntp@1.x.x:
  version "1.0.9"
  resolved "https://registry.yarnpkg.com/sntp/-/sntp-1.0.9.tgz#6541184cc90aeea6c6e7b35e2659082443c66198"
  dependencies:
    hoek "2.x.x"

source-map@^0.4.4:
  version "0.4.4"
  resolved "https://registry.yarnpkg.com/source-map/-/source-map-0.4.4.tgz#eba4f5da9c0dc999de68032d8b4f76173652036b"
  dependencies:
    amdefine ">=0.0.4"

source-map@~0.2.0:
  version "0.2.0"
  resolved "https://registry.yarnpkg.com/source-map/-/source-map-0.2.0.tgz#dab73fbcfc2ba819b4de03bd6f6eaa48164b3f9d"
  dependencies:
    amdefine ">=0.0.4"

source-map@~0.5.1:
  version "0.5.7"
  resolved "https://registry.yarnpkg.com/source-map/-/source-map-0.5.7.tgz#8a039d2d1021d22d1ea14c80d8ea468ba2ef3fcc"

spawn-wrap@^1.0.1:
  version "1.4.2"
  resolved "https://registry.yarnpkg.com/spawn-wrap/-/spawn-wrap-1.4.2.tgz#cff58e73a8224617b6561abdc32586ea0c82248c"
  dependencies:
    foreground-child "^1.5.6"
    mkdirp "^0.5.0"
    os-homedir "^1.0.1"
    rimraf "^2.6.2"
    signal-exit "^3.0.2"
    which "^1.3.0"

sprintf-js@~1.0.2:
  version "1.0.3"
  resolved "https://registry.yarnpkg.com/sprintf-js/-/sprintf-js-1.0.3.tgz#04e6926f662895354f3dd015203633b857297e2c"

sshpk@^1.7.0:
  version "1.14.1"
  resolved "https://registry.yarnpkg.com/sshpk/-/sshpk-1.14.1.tgz#130f5975eddad963f1d56f92b9ac6c51fa9f83eb"
  dependencies:
    asn1 "~0.2.3"
    assert-plus "^1.0.0"
    dashdash "^1.12.0"
    getpass "^0.1.1"
  optionalDependencies:
    bcrypt-pbkdf "^1.0.0"
    ecc-jsbn "~0.1.1"
    jsbn "~0.1.0"
    tweetnacl "~0.14.0"

string-width@^1.0.1:
  version "1.0.2"
  resolved "https://registry.yarnpkg.com/string-width/-/string-width-1.0.2.tgz#118bdf5b8cdc51a2a7e70d211e07e2b0b9b107d3"
  dependencies:
    code-point-at "^1.0.0"
    is-fullwidth-code-point "^1.0.0"
    strip-ansi "^3.0.0"

string_decoder@~0.10.x:
  version "0.10.31"
  resolved "https://registry.yarnpkg.com/string_decoder/-/string_decoder-0.10.31.tgz#62e203bc41766c6c28c9fc84301dab1c5310fa94"

string_decoder@~1.0.3:
  version "1.0.3"
  resolved "https://registry.yarnpkg.com/string_decoder/-/string_decoder-1.0.3.tgz#0fc67d7c141825de94282dd536bec6b9bce860ab"
  dependencies:
    safe-buffer "~5.1.0"

stringstream@~0.0.4:
  version "0.0.5"
  resolved "https://registry.yarnpkg.com/stringstream/-/stringstream-0.0.5.tgz#4e484cd4de5a0bbbee18e46307710a8a81621878"

strip-ansi@^2.0.1:
  version "2.0.1"
  resolved "https://registry.yarnpkg.com/strip-ansi/-/strip-ansi-2.0.1.tgz#df62c1aa94ed2f114e1d0f21fd1d50482b79a60e"
  dependencies:
    ansi-regex "^1.0.0"

strip-ansi@^3.0.0, strip-ansi@^3.0.1:
  version "3.0.1"
  resolved "https://registry.yarnpkg.com/strip-ansi/-/strip-ansi-3.0.1.tgz#6a385fb8853d952d5ff05d0e8aaf94278dc63dcf"
  dependencies:
    ansi-regex "^2.0.0"

strip-bom@^2.0.0:
  version "2.0.0"
  resolved "https://registry.yarnpkg.com/strip-bom/-/strip-bom-2.0.0.tgz#6219a85616520491f35788bdbf1447a99c7e6b0e"
  dependencies:
    is-utf8 "^0.2.0"

strip-json-comments@~1.0.1:
  version "1.0.4"
  resolved "https://registry.yarnpkg.com/strip-json-comments/-/strip-json-comments-1.0.4.tgz#1e15fbcac97d3ee99bf2d73b4c656b082bbafb91"

supports-color@^1.3.1:
  version "1.3.1"
  resolved "https://registry.yarnpkg.com/supports-color/-/supports-color-1.3.1.tgz#15758df09d8ff3b4acc307539fabe27095e1042d"

supports-color@^2.0.0:
  version "2.0.0"
  resolved "https://registry.yarnpkg.com/supports-color/-/supports-color-2.0.0.tgz#535d045ce6b6363fa40117084629995e9df324c7"

supports-color@^3.1.0:
  version "3.2.3"
  resolved "https://registry.yarnpkg.com/supports-color/-/supports-color-3.2.3.tgz#65ac0504b3954171d8a64946b2ae3cbb8a5f54f6"
  dependencies:
    has-flag "^1.0.0"

"tap-mocha-reporter@0.0 || 1":
  version "0.0.27"
  resolved "https://registry.yarnpkg.com/tap-mocha-reporter/-/tap-mocha-reporter-0.0.27.tgz#b2f72f3e1e8ba780ee02918fcdeb3a40da8018f7"
  dependencies:
    color-support "^1.1.0"
    debug "^2.1.3"
    diff "^1.3.2"
    escape-string-regexp "^1.0.3"
    glob "^7.0.5"
    js-yaml "^3.3.1"
    tap-parser "^1.0.4"
    unicode-length "^1.0.0"
  optionalDependencies:
    readable-stream "^1.1.13"

tap-parser@^1.0.4, tap-parser@^1.2.2:
  version "1.3.2"
  resolved "https://registry.yarnpkg.com/tap-parser/-/tap-parser-1.3.2.tgz#120c5089c88c3c8a793ef288867de321e18f8c22"
  dependencies:
    events-to-array "^1.0.1"
    inherits "~2.0.1"
    js-yaml "^3.2.7"
  optionalDependencies:
    readable-stream "^2"

tap@^1.2.1:
  version "1.4.1"
  resolved "https://registry.yarnpkg.com/tap/-/tap-1.4.1.tgz#1fef098ecbfbea68128b9efd8efd9dd267608b43"
  dependencies:
    coveralls "^2.11.2"
    deeper "^2.1.0"
    foreground-child "^1.2.0"
    glob "^5.0.6"
    js-yaml "^3.3.1"
    mkdirp "^0.5.0"
    nyc "^3.1.0"
    only-shallow "^1.0.2"
    opener "^1.4.1"
    readable-stream "^2.0.2"
    signal-exit "^2.0.0"
    supports-color "^1.3.1"
    tap-mocha-reporter "0.0 || 1"
    tap-parser "^1.2.2"

text-table@~0.2.0:
  version "0.2.0"
  resolved "https://registry.yarnpkg.com/text-table/-/text-table-0.2.0.tgz#7f5ee823ae805207c00af2df4a84ec3fcfa570b4"

through@^2.3.6:
  version "2.3.8"
  resolved "https://registry.yarnpkg.com/through/-/through-2.3.8.tgz#0dd4c9ffaabc357960b1b724115d7e0e86a2e1f5"

tough-cookie@~2.3.0:
  version "2.3.4"
  resolved "https://registry.yarnpkg.com/tough-cookie/-/tough-cookie-2.3.4.tgz#ec60cee38ac675063ffc97a5c18970578ee83655"
  dependencies:
    punycode "^1.4.1"

tunnel-agent@~0.4.1:
  version "0.4.3"
  resolved "https://registry.yarnpkg.com/tunnel-agent/-/tunnel-agent-0.4.3.tgz#6373db76909fe570e08d73583365ed828a74eeeb"

tweetnacl@^0.14.3, tweetnacl@~0.14.0:
  version "0.14.5"
  resolved "https://registry.yarnpkg.com/tweetnacl/-/tweetnacl-0.14.5.tgz#5ae68177f192d4456269d108afa93ff8743f4f64"

type-check@~0.3.1:
  version "0.3.2"
  resolved "https://registry.yarnpkg.com/type-check/-/type-check-0.3.2.tgz#5884cab512cf1d355e3fb784f30804b2b520db72"
  dependencies:
    prelude-ls "~1.1.2"

typedarray@^0.0.6:
  version "0.0.6"
  resolved "https://registry.yarnpkg.com/typedarray/-/typedarray-0.0.6.tgz#867ac74e3864187b1d3d47d996a78ec5c8830777"

uglify-js@^2.6:
  version "2.8.29"
  resolved "https://registry.yarnpkg.com/uglify-js/-/uglify-js-2.8.29.tgz#29c5733148057bb4e1f75df35b7a9cb72e6a59dd"
  dependencies:
    source-map "~0.5.1"
    yargs "~3.10.0"
  optionalDependencies:
    uglify-to-browserify "~1.0.0"

uglify-to-browserify@~1.0.0:
  version "1.0.2"
  resolved "https://registry.yarnpkg.com/uglify-to-browserify/-/uglify-to-browserify-1.0.2.tgz#6e0924d6bda6b5afe349e39a6d632850a0f882b7"

unicode-length@^1.0.0:
  version "1.0.3"
  resolved "https://registry.yarnpkg.com/unicode-length/-/unicode-length-1.0.3.tgz#5ada7a7fed51841a418a328cf149478ac8358abb"
  dependencies:
    punycode "^1.3.2"
    strip-ansi "^3.0.1"

user-home@^1.0.0:
  version "1.1.1"
  resolved "https://registry.yarnpkg.com/user-home/-/user-home-1.1.1.tgz#2b5be23a32b63a7c9deb8d0f28d485724a3df190"

util-deprecate@~1.0.1:
  version "1.0.2"
  resolved "https://registry.yarnpkg.com/util-deprecate/-/util-deprecate-1.0.2.tgz#450d4dc9fa70de732762fbd2d4a28981419a0ccf"

uuid@^3.0.0:
  version "3.2.1"
  resolved "https://registry.yarnpkg.com/uuid/-/uuid-3.2.1.tgz#12c528bb9d58d0b9265d9a2f6f0fe8be17ff1f14"

verror@1.10.0:
  version "1.10.0"
  resolved "https://registry.yarnpkg.com/verror/-/verror-1.10.0.tgz#3a105ca17053af55d6e270c1f8288682e18da400"
  dependencies:
    assert-plus "^1.0.0"
    core-util-is "1.0.2"
    extsprintf "^1.2.0"

which@^1.1.1, which@^1.2.9, which@^1.3.0:
  version "1.3.0"
  resolved "https://registry.yarnpkg.com/which/-/which-1.3.0.tgz#ff04bdfc010ee547d780bec38e1ac1c2777d253a"
  dependencies:
    isexe "^2.0.0"

window-size@0.1.0:
  version "0.1.0"
  resolved "https://registry.yarnpkg.com/window-size/-/window-size-0.1.0.tgz#5438cd2ea93b202efa3a19fe8887aee7c94f9c9d"

window-size@^0.1.4:
  version "0.1.4"
  resolved "https://registry.yarnpkg.com/window-size/-/window-size-0.1.4.tgz#f8e1aa1ee5a53ec5bf151ffa09742a6ad7697876"

wordwrap@0.0.2:
  version "0.0.2"
  resolved "https://registry.yarnpkg.com/wordwrap/-/wordwrap-0.0.2.tgz#b79669bb42ecb409f83d583cad52ca17eaa1643f"

wordwrap@^1.0.0:
  version "1.0.0"
  resolved "https://registry.yarnpkg.com/wordwrap/-/wordwrap-1.0.0.tgz#27584810891456a4171c8d0226441ade90cbcaeb"

wordwrap@~0.0.2:
  version "0.0.3"
  resolved "https://registry.yarnpkg.com/wordwrap/-/wordwrap-0.0.3.tgz#a3d5da6cd5c0bc0008d37234bbaf1bed63059107"

wrap-ansi@^2.0.0:
  version "2.1.0"
  resolved "https://registry.yarnpkg.com/wrap-ansi/-/wrap-ansi-2.1.0.tgz#d8fc3d284dd05794fe84973caecdd1cf824fdd85"
  dependencies:
    string-width "^1.0.1"
    strip-ansi "^3.0.1"

wrappy@1:
  version "1.0.2"
  resolved "https://registry.yarnpkg.com/wrappy/-/wrappy-1.0.2.tgz#b5243d8f3ec1aa35f1364605bc0d1036e30ab69f"

xml-escape@~1.0.0:
  version "1.0.0"
  resolved "https://registry.yarnpkg.com/xml-escape/-/xml-escape-1.0.0.tgz#00963d697b2adf0c185c4e04e73174ba9b288eb2"

xtend@^4.0.0:
  version "4.0.1"
  resolved "https://registry.yarnpkg.com/xtend/-/xtend-4.0.1.tgz#a5c6d532be656e23db820efb943a1f04998d63af"

y18n@^3.2.0:
  version "3.2.1"
  resolved "https://registry.yarnpkg.com/y18n/-/y18n-3.2.1.tgz#6d15fba884c08679c0d77e88e7759e811e07fa41"

yallist@^2.1.2:
  version "2.1.2"
  resolved "https://registry.yarnpkg.com/yallist/-/yallist-2.1.2.tgz#1c11f9218f076089a47dd512f93c6699a6a81d52"

yargs@^3.15.0:
  version "3.32.0"
  resolved "https://registry.yarnpkg.com/yargs/-/yargs-3.32.0.tgz#03088e9ebf9e756b69751611d2a5ef591482c995"
  dependencies:
    camelcase "^2.0.1"
    cliui "^3.0.3"
    decamelize "^1.1.1"
    os-locale "^1.4.0"
    string-width "^1.0.1"
    window-size "^0.1.4"
    y18n "^3.2.0"

yargs@~3.10.0:
  version "3.10.0"
  resolved "https://registry.yarnpkg.com/yargs/-/yargs-3.10.0.tgz#f7ee7bd857dd7c1d2d38c0e74efbd681d1431fd1"
  dependencies:
    camelcase "^1.0.2"
    cliui "^2.1.0"
    decamelize "^1.0.0"
    window-size "0.1.0"
